Microsoft Visual Studio Solution File, Format Version 12.00
# Visual Studio Version 17
VisualStudioVersion = 17.5.2.0
MinimumVisualStudioVersion = 10.0.40219.1
Project("{2150E333-8FDC-42A3-9474-1A3956D46DE8}") = "generator", "generator", "{3FA0F85F-A7C6-0754-1E55-9BD5D403A7D0}"
EndProject
Project("{2150E333-8FDC-42A3-9474-1A3956D46DE8}") = "src", "src", "{F72B5288-17E5-C8C5-DF15-FF2E56F1A59B}"
EndProject
Project("{FAE04EC0-301F-11D3-BF4B-00C04F79EFBC}") = "MarkdownBlog.Generator", "generator\src\MarkdownBlog.Generator\MarkdownBlog.Generator.csproj", "{DA7C0E62-71CE-15BF-8429-C9A38C80C293}"
EndProject
Project("{FAE04EC0-301F-11D3-BF4B-00C04F79EFBC}") = "MarkdownBlog.Generator.Tests", "generator\src\MarkdownBlog.Generator.Tests\MarkdownBlog.Generator.Tests.csproj", "{FC134A39-E04A-DE02-6A15-AC19E8ADABC2}"
EndProject
Global
	GlobalSection(SolutionConfigurationPlatforms) = preSolution
		Debug|Any CPU = Debug|Any CPU
		Release|Any CPU = Release|Any CPU
	EndGlobalSection
	GlobalSection(ProjectConfigurationPlatforms) = postSolution
		{DA7C0E62-71CE-15BF-8429-C9A38C80C293}.Debug|Any CPU.ActiveCfg = Debug|Any CPU
		{DA7C0E62-71CE-15BF-8429-C9A38C80C293}.Debug|Any CPU.Build.0 = Debug|Any CPU
		{DA7C0E62-71CE-15BF-8429-C9A38C80C293}.Release|Any CPU.ActiveCfg = Release|Any CPU
		{DA7C0E62-71CE-15BF-8429-C9A38C80C293}.Release|Any CPU.Build.0 = Release|Any CPU
		{FC134A39-E04A-DE02-6A15-AC19E8ADABC2}.Debug|Any CPU.ActiveCfg = Debug|Any CPU
		{FC134A39-E04A-DE02-6A15-AC19E8ADABC2}.Debug|Any CPU.Build.0 = Debug|Any CPU
		{FC134A39-E04A-DE02-6A15-AC19E8ADABC2}.Release|Any CPU.ActiveCfg = Release|Any CPU
		{FC134A39-E04A-DE02-6A15-AC19E8ADABC2}.Release|Any CPU.Build.0 = Release|Any CPU
	EndGlobalSection
	GlobalSection(SolutionProperties) = preSolution
		HideSolutionNode = FALSE
	EndGlobalSection
	GlobalSection(NestedProjects) = preSolution
		{F72B5288-17E5-C8C5-DF15-FF2E56F1A59B} = {3FA0F85F-A7C6-0754-1E55-9BD5D403A7D0}
		{DA7C0E62-71CE-15BF-8429-C9A38C80C293} = {F72B5288-17E5-C8C5-DF15-FF2E56F1A59B}
		{FC134A39-E04A-DE02-6A15-AC19E8ADABC2} = {F72B5288-17E5-C8C5-DF15-FF2E56F1A59B}
	EndGlobalSection
	GlobalSection(ExtensibilityGlobals) = postSolution
		SolutionGuid = {BAEF7DB6-5624-490F-8361-8AE70FCFED2E}
	EndGlobalSection
EndGlobal
